
Microsoft Visual Studio Solution File, Format Version 12.00
# Visual Studio Version 16
VisualStudioVersion = 16.0.30523.141
MinimumVisualStudioVersion = 10.0.40219.1
Project("{FAE04EC0-301F-11D3-BF4B-00C04F79EFBC}") = "Bakalarka.Android", "Bakalarka\Bakalarka.Android\Bakalarka.Android.csproj", "{F8733C09-0912-4653-B221-7AC5AE9974A6}"
EndProject
Project("{FAE04EC0-301F-11D3-BF4B-00C04F79EFBC}") = "Bakalarka.iOS", "Bakalarka\Bakalarka.iOS\Bakalarka.iOS.csproj", "{126D8555-F7CA-4B74-8B72-025E51EBFEF2}"
EndProject
Project("{FAE04EC0-301F-11D3-BF4B-00C04F79EFBC}") = "Bakalarka", "Bakalarka\Bakalarka\Bakalarka.csproj", "{F7FC218C-91C6-4190-B5B1-5C2116D3EAAF}"
EndProject
Global
	GlobalSection(SolutionConfigurationPlatforms) = preSolution
		Debug|Any CPU = Debug|Any CPU
		Debug|iPhone = Debug|iPhone
		Debug|iPhoneSimulator = Debug|iPhoneSimulator
		Release|Any CPU = Release|Any CPU
		Release|iPhone = Release|iPhone
		Release|iPhoneSimulator = Release|iPhoneSimulator
	EndGlobalSection
	GlobalSection(ProjectConfigurationPlatforms) = postSolution
		{F8733C09-0912-4653-B221-7AC5AE9974A6}.Debug|Any CPU.ActiveCfg = Debug|Any CPU
		{F8733C09-0912-4653-B221-7AC5AE9974A6}.Debug|Any CPU.Build.0 = Debug|Any CPU
		{F8733C09-0912-4653-B221-7AC5AE9974A6}.Debug|Any CPU.Deploy.0 = Debug|Any CPU
		{F8733C09-0912-4653-B221-7AC5AE9974A6}.Debug|iPhone.ActiveCfg = Debug|Any CPU
		{F8733C09-0912-4653-B221-7AC5AE9974A6}.Debug|iPhone.Build.0 = Debug|Any CPU
		{F8733C09-0912-4653-B221-7AC5AE9974A6}.Debug|iPhone.Deploy.0 = Debug|Any CPU
		{F8733C09-0912-4653-B221-7AC5AE9974A6}.Debug|iPhoneSimulator.ActiveCfg = Debug|Any CPU
		{F8733C09-0912-4653-B221-7AC5AE9974A6}.Debug|iPhoneSimulator.Build.0 = Debug|Any CPU
		{F8733C09-0912-4653-B221-7AC5AE9974A6}.Debug|iPhoneSimulator.Deploy.0 = Debug|Any CPU
		{F8733C09-0912-4653-B221-7AC5AE9974A6}.Release|Any CPU.ActiveCfg = Release|Any CPU
		{F8733C09-0912-4653-B221-7AC5AE9974A6}.Release|Any CPU.Build.0 = Release|Any CPU
		{F8733C09-0912-4653-B221-7AC5AE9974A6}.Release|Any CPU.Deploy.0 = Release|Any CPU
		{F8733C09-0912-4653-B221-7AC5AE9974A6}.Release|iPhone.ActiveCfg = Release|Any CPU
		{F8733C09-0912-4653-B221-7AC5AE9974A6}.Release|iPhone.Build.0 = Release|Any CPU
		{F8733C09-0912-4653-B221-7AC5AE9974A6}.Release|iPhone.Deploy.0 = Release|Any CPU
		{F8733C09-0912-4653-B221-7AC5AE9974A6}.Release|iPhoneSimulator.ActiveCfg = Release|Any CPU
		{F8733C09-0912-4653-B221-7AC5AE9974A6}.Release|iPhoneSimulator.Build.0 = Release|Any CPU
		{F8733C09-0912-4653-B221-7AC5AE9974A6}.Release|iPhoneSimulator.Deploy.0 = Release|Any CPU
		{126D8555-F7CA-4B74-8B72-025E51EBFEF2}.Debug|Any CPU.ActiveCfg = Debug|iPhone
		{126D8555-F7CA-4B74-8B72-025E51EBFEF2}.Debug|Any CPU.Build.0 = Debug|iPhone
		{126D8555-F7CA-4B74-8B72-025E51EBFEF2}.Debug|Any CPU.Deploy.0 = Debug|iPhone
		{126D8555-F7CA-4B74-8B72-025E51EBFEF2}.Debug|iPhone.ActiveCfg = Debug|iPhone
		{126D8555-F7CA-4B74-8B72-025E51EBFEF2}.Debug|iPhone.Build.0 = Debug|iPhone
		{126D8555-F7CA-4B74-8B72-025E51EBFEF2}.Debug|iPhone.Deploy.0 = Debug|iPhone
		{126D8555-F7CA-4B74-8B72-025E51EBFEF2}.Debug|iPhoneSimulator.ActiveCfg = Debug|iPhoneSimulator
		{126D8555-F7CA-4B74-8B72-025E51EBFEF2}.Debug|iPhoneSimulator.Build.0 = Debug|iPhoneSimulator
		{126D8555-F7CA-4B74-8B72-025E51EBFEF2}.Debug|iPhoneSimulator.Deploy.0 = Debug|iPhoneSimulator
		{126D8555-F7CA-4B74-8B72-025E51EBFEF2}.Release|Any CPU.ActiveCfg = Release|iPhoneSimulator
		{126D8555-F7CA-4B74-8B72-025E51EBFEF2}.Release|Any CPU.Build.0 = Release|iPhoneSimulator
		{126D8555-F7CA-4B74-8B72-025E51EBFEF2}.Release|Any CPU.Deploy.0 = Release|iPhoneSimulator
		{126D8555-F7CA-4B74-8B72-025E51EBFEF2}.Release|iPhone.ActiveCfg = Release|iPhone
		{126D8555-F7CA-4B74-8B72-025E51EBFEF2}.Release|iPhone.Build.0 = Release|iPhone
		{126D8555-F7CA-4B74-8B72-025E51EBFEF2}.Release|iPhone.Deploy.0 = Release|iPhone
		{126D8555-F7CA-4B74-8B72-025E51EBFEF2}.Release|iPhoneSimulator.ActiveCfg = Release|iPhoneSimulator
		{126D8555-F7CA-4B74-8B72-025E51EBFEF2}.Release|iPhoneSimulator.Build.0 = Release|iPhoneSimulator
		{126D8555-F7CA-4B74-8B72-025E51EBFEF2}.Release|iPhoneSimulator.Deploy.0 = Release|iPhoneSimulator
		{F7FC218C-91C6-4190-B5B1-5C2116D3EAAF}.Debug|Any CPU.ActiveCfg = Debug|Any CPU
		{F7FC218C-91C6-4190-B5B1-5C2116D3EAAF}.Debug|Any CPU.Build.0 = Debug|Any CPU
		{F7FC218C-91C6-4190-B5B1-5C2116D3EAAF}.Debug|Any CPU.Deploy.0 = Debug|Any CPU
		{F7FC218C-91C6-4190-B5B1-5C2116D3EAAF}.Debug|iPhone.ActiveCfg = Debug|Any CPU
		{F7FC218C-91C6-4190-B5B1-5C2116D3EAAF}.Debug|iPhone.Build.0 = Debug|Any CPU
		{F7FC218C-91C6-4190-B5B1-5C2116D3EAAF}.Debug|iPhone.Deploy.0 = Debug|Any CPU
		{F7FC218C-91C6-4190-B5B1-5C2116D3EAAF}.Debug|iPhoneSimulator.ActiveCfg = Debug|Any CPU
		{F7FC218C-91C6-4190-B5B1-5C2116D3EAAF}.Debug|iPhoneSimulator.Build.0 = Debug|Any CPU
		{F7FC218C-91C6-4190-B5B1-5C2116D3EAAF}.Debug|iPhoneSimulator.Deploy.0 = Debug|Any CPU
		{F7FC218C-91C6-4190-B5B1-5C2116D3EAAF}.Release|Any CPU.ActiveCfg = Release|Any CPU
		{F7FC218C-91C6-4190-B5B1-5C2116D3EAAF}.Release|Any CPU.Build.0 = Release|Any CPU
		{F7FC218C-91C6-4190-B5B1-5C2116D3EAAF}.Release|Any CPU.Deploy.0 = Release|Any CPU
		{F7FC218C-91C6-4190-B5B1-5C2116D3EAAF}.Release|iPhone.ActiveCfg = Release|Any CPU
		{F7FC218C-91C6-4190-B5B1-5C2116D3EAAF}.Release|iPhone.Build.0 = Release|Any CPU
		{F7FC218C-91C6-4190-B5B1-5C2116D3EAAF}.Release|iPhone.Deploy.0 = Release|Any CPU
		{F7FC218C-91C6-4190-B5B1-5C2116D3EAAF}.Release|iPhoneSimulator.ActiveCfg = Release|Any CPU
		{F7FC218C-91C6-4190-B5B1-5C2116D3EAAF}.Release|iPhoneSimulator.Build.0 = Release|Any CPU
		{F7FC218C-91C6-4190-B5B1-5C2116D3EAAF}.Release|iPhoneSimulator.Deploy.0 = Release|Any CPU
	EndGlobalSection
	GlobalSection(SolutionProperties) = preSolution
		HideSolutionNode = FALSE
	EndGlobalSection
	GlobalSection(ExtensibilityGlobals) = postSolution
		SolutionGuid = {3084287F-975D-4F2E-AB8B-4BAA1EA28687}
	EndGlobalSection
EndGlobal
